
Microsoft Visual Studio Solution File, Format Version 12.00
# Visual Studio Version 16
VisualStudioVersion = 16.0.29326.143
MinimumVisualStudioVersion = 10.0.40219.1
Project("{FAE04EC0-301F-11D3-BF4B-00C04F79EFBC}") = "LojaVirtual", "LojaVirtual\LojaVirtual.csproj", "{9EE8F363-20AC-4F91-BE68-11849D5351A6}"
EndProject
Global
	GlobalSection(SolutionConfigurationPlatforms) = preSolution
		Debug|Any CPU = Debug|Any CPU
		Release|Any CPU = Release|Any CPU
	EndGlobalSection
	GlobalSection(ProjectConfigurationPlatforms) = postSolution
		{9EE8F363-20AC-4F91-BE68-11849D5351A6}.Debug|Any CPU.ActiveCfg = Debug|Any CPU
		{9EE8F363-20AC-4F91-BE68-11849D5351A6}.Debug|Any CPU.Build.0 = Debug|Any CPU
		{9EE8F363-20AC-4F91-BE68-11849D5351A6}.Release|Any CPU.ActiveCfg = Release|Any CPU
		{9EE8F363-20AC-4F91-BE68-11849D5351A6}.Release|Any CPU.Build.0 = Release|Any CPU
	EndGlobalSection
	GlobalSection(SolutionProperties) = preSolution
		HideSolutionNode = FALSE
	EndGlobalSection
	GlobalSection(ExtensibilityGlobals) = postSolution
		SolutionGuid = {352C382A-D588-4CEF-BFF2-CC59F65E3309}
	EndGlobalSection
EndGlobal
